// !$*UTF8*$!
{
	archiveVersion = 1;
	classes = {
	};
	objectVersion = 50;
	objects = {

/* Begin PBXBuildFile section */
		087CC551191F0E0E70CC6833 /* Pods_rubyMakerTests.framework in Frameworks */ = {isa = PBXBuildFile; fileRef = 7BD5A36604E67F9D95B6A743 /* Pods_rubyMakerTests.framework */; };
		08C2B062EF488E5EAFF679F4 /* Pods_rubyMakerUITests.framework in Frameworks */ = {isa = PBXBuildFile; fileRef = 9ED77BBDEBB5C860DCE2C6EB /* Pods_rubyMakerUITests.framework */; };
		270D62AE226250EB00071F33 /* FuriganaApi.swift in Sources */ = {isa = PBXBuildFile; fileRef = 270D62AD226250EB00071F33 /* FuriganaApi.swift */; };
		270D62B02262510200071F33 /* ConvertLogAccessor.swift in Sources */ = {isa = PBXBuildFile; fileRef = 270D62AF2262510200071F33 /* ConvertLogAccessor.swift */; };
		270D62B22262511900071F33 /* ConvertLogEntity.swift in Sources */ = {isa = PBXBuildFile; fileRef = 270D62B12262511900071F33 /* ConvertLogEntity.swift */; };
		270D62B42262512600071F33 /* FuriganaApiRequestEntity.swift in Sources */ = {isa = PBXBuildFile; fileRef = 270D62B32262512600071F33 /* FuriganaApiRequestEntity.swift */; };
		270D62B62262513500071F33 /* FuriganaApiResponseEntity.swift in Sources */ = {isa = PBXBuildFile; fileRef = 270D62B52262513500071F33 /* FuriganaApiResponseEntity.swift */; };
		270D62B82262517800071F33 /* ConvertToFuriganaModel.swift in Sources */ = {isa = PBXBuildFile; fileRef = 270D62B72262517800071F33 /* ConvertToFuriganaModel.swift */; };
		270D62BA2262526400071F33 /* ConvertLogModel.swift in Sources */ = {isa = PBXBuildFile; fileRef = 270D62B92262526400071F33 /* ConvertLogModel.swift */; };
		270D62BC226254FF00071F33 /* RealmAccessor.swift in Sources */ = {isa = PBXBuildFile; fileRef = 270D62BB226254FF00071F33 /* RealmAccessor.swift */; };
		270D62BF22631ECF00071F33 /* ServerApi.swift in Sources */ = {isa = PBXBuildFile; fileRef = 270D62BE22631ECF00071F33 /* ServerApi.swift */; };
		270D62C122632F8800071F33 /* ApiRequestEntity.swift in Sources */ = {isa = PBXBuildFile; fileRef = 270D62C022632F8800071F33 /* ApiRequestEntity.swift */; };
		270D62D12263506E00071F33 /* Settings.bundle in Resources */ = {isa = PBXBuildFile; fileRef = 270D62D02263506E00071F33 /* Settings.bundle */; };
		2789EB4322624228006905B2 /* AppDelegate.swift in Sources */ = {isa = PBXBuildFile; fileRef = 2789EB4222624228006905B2 /* AppDelegate.swift */; };
		2789EB4522624228006905B2 /* FirstViewController.swift in Sources */ = {isa = PBXBuildFile; fileRef = 2789EB4422624228006905B2 /* FirstViewController.swift */; };
		2789EB4722624228006905B2 /* SecondViewController.swift in Sources */ = {isa = PBXBuildFile; fileRef = 2789EB4622624228006905B2 /* SecondViewController.swift */; };
		2789EB4A22624228006905B2 /* Main.storyboard in Resources */ = {isa = PBXBuildFile; fileRef = 2789EB4822624228006905B2 /* Main.storyboard */; };
		2789EB4C22624229006905B2 /* Assets.xcassets in Resources */ = {isa = PBXBuildFile; fileRef = 2789EB4B22624229006905B2 /* Assets.xcassets */; };
		2789EB4F22624229006905B2 /* LaunchScreen.storyboard in Resources */ = {isa = PBXBuildFile; fileRef = 2789EB4D22624229006905B2 /* LaunchScreen.storyboard */; };
		2789EB5A22624229006905B2 /* rubyMakerTests.swift in Sources */ = {isa = PBXBuildFile; fileRef = 2789EB5922624229006905B2 /* rubyMakerTests.swift */; };
		2789EB6522624229006905B2 /* rubyMakerUITests.swift in Sources */ = {isa = PBXBuildFile; fileRef = 2789EB6422624229006905B2 /* rubyMakerUITests.swift */; };
		37D5CEC3B3B61A85177A7865 /* Pods_rubyMaker.framework in Frameworks */ = {isa = PBXBuildFile; fileRef = 0F87B1BB54D09E61EA8F6AAD /* Pods_rubyMaker.framework */; };
/* End PBXBuildFile section */

/* Begin PBXContainerItemProxy section */
		2789EB5622624229006905B2 /* PBXContainerItemProxy */ = {
			isa = PBXContainerItemProxy;
			containerPortal = 2789EB3722624228006905B2 /* Project object */;
			proxyType = 1;
			remoteGlobalIDString = 2789EB3E22624228006905B2;
			remoteInfo = rubyMaker;
		};
		2789EB6122624229006905B2 /* PBXContainerItemProxy */ = {
			isa = PBXContainerItemProxy;
			containerPortal = 2789EB3722624228006905B2 /* Project object */;
			proxyType = 1;
			remoteGlobalIDString = 2789EB3E22624228006905B2;
			remoteInfo = rubyMaker;
		};
/* End PBXContainerItemProxy section */

/* Begin PBXFileReference section */
		090B37296BABC5AA28E1344A /* Pods-rubyMakerTests.debug.xcconfig */ = {isa = PBXFileReference; includeInIndex = 1; lastKnownFileType = text.xcconfig; name = "Pods-rubyMakerTests.debug.xcconfig"; path = "Pods/Target Support Files/Pods-rubyMakerTests/Pods-rubyMakerTests.debug.xcconfig"; sourceTree = "<group>"; };
		0F87B1BB54D09E61EA8F6AAD /* Pods_rubyMaker.framework */ = {isa = PBXFileReference; explicitFileType = wrapper.framework; includeInIndex = 0; path = Pods_rubyMaker.framework; sourceTree = BUILT_PRODUCTS_DIR; };
		26F3FF2F81C2D2FA14F1466A /* Pods-rubyMaker.release.xcconfig */ = {isa = PBXFileReference; includeInIndex = 1; lastKnownFileType = text.xcconfig; name = "Pods-rubyMaker.release.xcconfig"; path = "Pods/Target Support Files/Pods-rubyMaker/Pods-rubyMaker.release.xcconfig"; sourceTree = "<group>"; };
		270D62AD226250EB00071F33 /* FuriganaApi.swift */ = {isa = PBXFileReference; lastKnownFileType = sourcecode.swift; path = FuriganaApi.swift; sourceTree = "<group>"; };
		270D62AF2262510200071F33 /* ConvertLogAccessor.swift */ = {isa = PBXFileReference; lastKnownFileType = sourcecode.swift; path = ConvertLogAccessor.swift; sourceTree = "<group>"; };
		270D62B12262511900071F33 /* ConvertLogEntity.swift */ = {isa = PBXFileReference; lastKnownFileType = sourcecode.swift; path = ConvertLogEntity.swift; sourceTree = "<group>"; };
		270D62B32262512600071F33 /* FuriganaApiRequestEntity.swift */ = {isa = PBXFileReference; lastKnownFileType = sourcecode.swift; path = FuriganaApiRequestEntity.swift; sourceTree = "<group>"; };
		270D62B52262513500071F33 /* FuriganaApiResponseEntity.swift */ = {isa = PBXFileReference; lastKnownFileType = sourcecode.swift; path = FuriganaApiResponseEntity.swift; sourceTree = "<group>"; };
		270D62B72262517800071F33 /* ConvertToFuriganaModel.swift */ = {isa = PBXFileReference; lastKnownFileType = sourcecode.swift; path = ConvertToFuriganaModel.swift; sourceTree = "<group>"; };
		270D62B92262526400071F33 /* ConvertLogModel.swift */ = {isa = PBXFileReference; lastKnownFileType = sourcecode.swift; path = ConvertLogModel.swift; sourceTree = "<group>"; };
		270D62BB226254FF00071F33 /* RealmAccessor.swift */ = {isa = PBXFileReference; lastKnownFileType = sourcecode.swift; path = RealmAccessor.swift; sourceTree = "<group>"; };
		270D62BE22631ECF00071F33 /* ServerApi.swift */ = {isa = PBXFileReference; lastKnownFileType = sourcecode.swift; path = ServerApi.swift; sourceTree = "<group>"; };
		270D62C022632F8800071F33 /* ApiRequestEntity.swift */ = {isa = PBXFileReference; lastKnownFileType = sourcecode.swift; path = ApiRequestEntity.swift; sourceTree = "<group>"; };
		270D62D02263506E00071F33 /* Settings.bundle */ = {isa = PBXFileReference; lastKnownFileType = "wrapper.plug-in"; path = Settings.bundle; sourceTree = "<group>"; };
		2789EB3F22624228006905B2 /* rubyMaker.app */ = {isa = PBXFileReference; explicitFileType = wrapper.application; includeInIndex = 0; path = rubyMaker.app; sourceTree = BUILT_PRODUCTS_DIR; };
		2789EB4222624228006905B2 /* AppDelegate.swift */ = {isa = PBXFileReference; lastKnownFileType = sourcecode.swift; path = AppDelegate.swift; sourceTree = "<group>"; };
		2789EB4422624228006905B2 /* FirstViewController.swift */ = {isa = PBXFileReference; lastKnownFileType = sourcecode.swift; path = FirstViewController.swift; sourceTree = "<group>"; };
		2789EB4622624228006905B2 /* SecondViewController.swift */ = {isa = PBXFileReference; lastKnownFileType = sourcecode.swift; path = SecondViewController.swift; sourceTree = "<group>"; };
		2789EB4922624228006905B2 /* Base */ = {isa = PBXFileReference; lastKnownFileType = file.storyboard; name = Base; path = Base.lproj/Main.storyboard; sourceTree = "<group>"; };
		2789EB4B22624229006905B2 /* Assets.xcassets */ = {isa = PBXFileReference; lastKnownFileType = folder.assetcatalog; path = Assets.xcassets; sourceTree = "<group>"; };
		2789EB4E22624229006905B2 /* Base */ = {isa = PBXFileReference; lastKnownFileType = file.storyboard; name = Base; path = Base.lproj/LaunchScreen.storyboard; sourceTree = "<group>"; };
		2789EB5022624229006905B2 /* Info.plist */ = {isa = PBXFileReference; lastKnownFileType = text.plist.xml; path = Info.plist; sourceTree = "<group>"; };
		2789EB5522624229006905B2 /* rubyMakerTests.xctest */ = {isa = PBXFileReference; explicitFileType = wrapper.cfbundle; includeInIndex = 0; path = rubyMakerTests.xctest; sourceTree = BUILT_PRODUCTS_DIR; };
		2789EB5922624229006905B2 /* rubyMakerTests.swift */ = {isa = PBXFileReference; lastKnownFileType = sourcecode.swift; path = rubyMakerTests.swift; sourceTree = "<group>"; };
		2789EB5B22624229006905B2 /* Info.plist */ = {isa = PBXFileReference; lastKnownFileType = text.plist.xml; path = Info.plist; sourceTree = "<group>"; };
		2789EB6022624229006905B2 /* rubyMakerUITests.xctest */ = {isa = PBXFileReference; explicitFileType = wrapper.cfbundle; includeInIndex = 0; path = rubyMakerUITests.xctest; sourceTree = BUILT_PRODUCTS_DIR; };
		2789EB6422624229006905B2 /* rubyMakerUITests.swift */ = {isa = PBXFileReference; lastKnownFileType = sourcecode.swift; path = rubyMakerUITests.swift; sourceTree = "<group>"; };
		2789EB6622624229006905B2 /* Info.plist */ = {isa = PBXFileReference; lastKnownFileType = text.plist.xml; path = Info.plist; sourceTree = "<group>"; };
		7BD5A36604E67F9D95B6A743 /* Pods_rubyMakerTests.framework */ = {isa = PBXFileReference; explicitFileType = wrapper.framework; includeInIndex = 0; path = Pods_rubyMakerTests.framework; sourceTree = BUILT_PRODUCTS_DIR; };
		7F83FBD358AC74BA28E4F5F6 /* Pods-rubyMaker.debug.xcconfig */ = {isa = PBXFileReference; includeInIndex = 1; lastKnownFileType = text.xcconfig; name = "Pods-rubyMaker.debug.xcconfig"; path = "Pods/Target Support Files/Pods-rubyMaker/Pods-rubyMaker.debug.xcconfig"; sourceTree = "<group>"; };
		9ED77BBDEBB5C860DCE2C6EB /* Pods_rubyMakerUITests.framework */ = {isa = PBXFileReference; explicitFileType = wrapper.framework; includeInIndex = 0; path = Pods_rubyMakerUITests.framework; sourceTree = BUILT_PRODUCTS_DIR; };
		B441F91A63912C3279709896 /* Pods-rubyMakerTests.release.xcconfig */ = {isa = PBXFileReference; includeInIndex = 1; lastKnownFileType = text.xcconfig; name = "Pods-rubyMakerTests.release.xcconfig"; path = "Pods/Target Support Files/Pods-rubyMakerTests/Pods-rubyMakerTests.release.xcconfig"; sourceTree = "<group>"; };
		CEFC69B490C6A07B56230896 /* Pods-rubyMakerUITests.debug.xcconfig */ = {isa = PBXFileReference; includeInIndex = 1; lastKnownFileType = text.xcconfig; name = "Pods-rubyMakerUITests.debug.xcconfig"; path = "Pods/Target Support Files/Pods-rubyMakerUITests/Pods-rubyMakerUITests.debug.xcconfig"; sourceTree = "<group>"; };
		F9ED40292B4534F5A70E35E5 /* Pods-rubyMakerUITests.release.xcconfig */ = {isa = PBXFileReference; includeInIndex = 1; lastKnownFileType = text.xcconfig; name = "Pods-rubyMakerUITests.release.xcconfig"; path = "Pods/Target Support Files/Pods-rubyMakerUITests/Pods-rubyMakerUITests.release.xcconfig"; sourceTree = "<group>"; };
/* End PBXFileReference section */

/* Begin PBXFrameworksBuildPhase section */
		2789EB3C22624228006905B2 /* Frameworks */ = {
			isa = PBXFrameworksBuildPhase;
			buildActionMask = 2147483647;
			files = (
				37D5CEC3B3B61A85177A7865 /* Pods_rubyMaker.framework in Frameworks */,
			);
			runOnlyForDeploymentPostprocessing = 0;
		};
		2789EB5222624229006905B2 /* Frameworks */ = {
			isa = PBXFrameworksBuildPhase;
			buildActionMask = 2147483647;
			files = (
				087CC551191F0E0E70CC6833 /* Pods_rubyMakerTests.framework in Frameworks */,
			);
			runOnlyForDeploymentPostprocessing = 0;
		};
		2789EB5D22624229006905B2 /* Frameworks */ = {
			isa = PBXFrameworksBuildPhase;
			buildActionMask = 2147483647;
			files = (
				08C2B062EF488E5EAFF679F4 /* Pods_rubyMakerUITests.framework in Frameworks */,
			);
			runOnlyForDeploymentPostprocessing = 0;
		};
/* End PBXFrameworksBuildPhase section */

/* Begin PBXGroup section */
		270D629D22624D1F00071F33 /* View */ = {
			isa = PBXGroup;
			children = (
				270D629F22624D4600071F33 /* StoryBoard */,
				270D629E22624D3500071F33 /* ViewController */,
			);
			path = View;
			sourceTree = "<group>";
		};
		270D629E22624D3500071F33 /* ViewController */ = {
			isa = PBXGroup;
			children = (
				2789EB4422624228006905B2 /* FirstViewController.swift */,
				2789EB4622624228006905B2 /* SecondViewController.swift */,
			);
			path = ViewController;
			sourceTree = "<group>";
		};
		270D629F22624D4600071F33 /* StoryBoard */ = {
			isa = PBXGroup;
			children = (
				2789EB4822624228006905B2 /* Main.storyboard */,
				2789EB4D22624229006905B2 /* LaunchScreen.storyboard */,
			);
			path = StoryBoard;
			sourceTree = "<group>";
		};
		270D62A022624D6200071F33 /* Model */ = {
			isa = PBXGroup;
			children = (
				270D62AB2262508600071F33 /* Realm */,
				270D62AA2262507900071F33 /* ServerApi */,
				270D62A92262507300071F33 /* Entity */,
				270D62A82262505700071F33 /* Logic */,
			);
			path = Model;
			sourceTree = "<group>";
		};
		270D62A82262505700071F33 /* Logic */ = {
			isa = PBXGroup;
			children = (
				270D62B72262517800071F33 /* ConvertToFuriganaModel.swift */,
				270D62B92262526400071F33 /* ConvertLogModel.swift */,
			);
			path = Logic;
			sourceTree = "<group>";
		};
		270D62A92262507300071F33 /* Entity */ = {
			isa = PBXGroup;
			children = (
				270D62B12262511900071F33 /* ConvertLogEntity.swift */,
				270D62B32262512600071F33 /* FuriganaApiRequestEntity.swift */,
				270D62B52262513500071F33 /* FuriganaApiResponseEntity.swift */,
				270D62C022632F8800071F33 /* ApiRequestEntity.swift */,
			);
			path = Entity;
			sourceTree = "<group>";
		};
		270D62AA2262507900071F33 /* ServerApi */ = {
			isa = PBXGroup;
			children = (
				270D62BD22631EBA00071F33 /* Common */,
				270D62AC226250D000071F33 /* FuriganaService */,
			);
			path = ServerApi;
			sourceTree = "<group>";
		};
		270D62AB2262508600071F33 /* Realm */ = {
			isa = PBXGroup;
			children = (
				270D62AF2262510200071F33 /* ConvertLogAccessor.swift */,
				270D62BB226254FF00071F33 /* RealmAccessor.swift */,
			);
			path = Realm;
			sourceTree = "<group>";
		};
		270D62AC226250D000071F33 /* FuriganaService */ = {
			isa = PBXGroup;
			children = (
				270D62AD226250EB00071F33 /* FuriganaApi.swift */,
			);
			path = FuriganaService;
			sourceTree = "<group>";
		};
		270D62BD22631EBA00071F33 /* Common */ = {
			isa = PBXGroup;
			children = (
				270D62BE22631ECF00071F33 /* ServerApi.swift */,
			);
			path = Common;
			sourceTree = "<group>";
		};
		270D62C42263435700071F33 /* resource */ = {
			isa = PBXGroup;
			children = (
				270D62D02263506E00071F33 /* Settings.bundle */,
				2789EB4B22624229006905B2 /* Assets.xcassets */,
				2789EB5022624229006905B2 /* Info.plist */,
			);
			path = resource;
			sourceTree = "<group>";
		};
		2789EB3622624228006905B2 = {
			isa = PBXGroup;
			children = (
				2789EB4122624228006905B2 /* rubyMaker */,
				2789EB5822624229006905B2 /* rubyMakerTests */,
				2789EB6322624229006905B2 /* rubyMakerUITests */,
				2789EB4022624228006905B2 /* Products */,
				3FAD06DB343696CB9157E965 /* Pods */,
				FAFF76F40C4F5FF3F9BF0479 /* Frameworks */,
			);
			sourceTree = "<group>";
		};
		2789EB4022624228006905B2 /* Products */ = {
			isa = PBXGroup;
			children = (
				2789EB3F22624228006905B2 /* rubyMaker.app */,
				2789EB5522624229006905B2 /* rubyMakerTests.xctest */,
				2789EB6022624229006905B2 /* rubyMakerUITests.xctest */,
			);
			name = Products;
			sourceTree = "<group>";
		};
		2789EB4122624228006905B2 /* rubyMaker */ = {
			isa = PBXGroup;
			children = (
				270D62C42263435700071F33 /* resource */,
				270D62A022624D6200071F33 /* Model */,
				270D629D22624D1F00071F33 /* View */,
				2789EB4222624228006905B2 /* AppDelegate.swift */,
			);
			path = rubyMaker;
			sourceTree = "<group>";
		};
		2789EB5822624229006905B2 /* rubyMakerTests */ = {
			isa = PBXGroup;
			children = (
				2789EB5922624229006905B2 /* rubyMakerTests.swift */,
				2789EB5B22624229006905B2 /* Info.plist */,
			);
			path = rubyMakerTests;
			sourceTree = "<group>";
		};
		2789EB6322624229006905B2 /* rubyMakerUITests */ = {
			isa = PBXGroup;
			children = (
				2789EB6422624229006905B2 /* rubyMakerUITests.swift */,
				2789EB6622624229006905B2 /* Info.plist */,
			);
			path = rubyMakerUITests;
			sourceTree = "<group>";
		};
		3FAD06DB343696CB9157E965 /* Pods */ = {
			isa = PBXGroup;
			children = (
				7F83FBD358AC74BA28E4F5F6 /* Pods-rubyMaker.debug.xcconfig */,
				26F3FF2F81C2D2FA14F1466A /* Pods-rubyMaker.release.xcconfig */,
				090B37296BABC5AA28E1344A /* Pods-rubyMakerTests.debug.xcconfig */,
				B441F91A63912C3279709896 /* Pods-rubyMakerTests.release.xcconfig */,
				CEFC69B490C6A07B56230896 /* Pods-rubyMakerUITests.debug.xcconfig */,
				F9ED40292B4534F5A70E35E5 /* Pods-rubyMakerUITests.release.xcconfig */,
			);
			name = Pods;
			sourceTree = "<group>";
		};
		FAFF76F40C4F5FF3F9BF0479 /* Frameworks */ = {
			isa = PBXGroup;
			children = (
				0F87B1BB54D09E61EA8F6AAD /* Pods_rubyMaker.framework */,
				7BD5A36604E67F9D95B6A743 /* Pods_rubyMakerTests.framework */,
				9ED77BBDEBB5C860DCE2C6EB /* Pods_rubyMakerUITests.framework */,
			);
			name = Frameworks;
			sourceTree = "<group>";
		};
/* End PBXGroup section */

/* Begin PBXNativeTarget section */
		2789EB3E22624228006905B2 /* rubyMaker */ = {
			isa = PBXNativeTarget;
			buildConfigurationList = 2789EB6922624229006905B2 /* Build configuration list for PBXNativeTarget "rubyMaker" */;
			buildPhases = (
				6F50E94EE4F368F539BE7AB1 /* [CP] Check Pods Manifest.lock */,
				2789EB3B22624228006905B2 /* Sources */,
				2789EB3C22624228006905B2 /* Frameworks */,
				2789EB3D22624228006905B2 /* Resources */,
				7401EADFB3E1007AC84F423E /* [CP] Embed Pods Frameworks */,
				270D62C52263477200071F33 /* LicensePlist */,
			);
			buildRules = (
			);
			dependencies = (
			);
			name = rubyMaker;
			productName = rubyMaker;
			productReference = 2789EB3F22624228006905B2 /* rubyMaker.app */;
			productType = "com.apple.product-type.application";
		};
		2789EB5422624229006905B2 /* rubyMakerTests */ = {
			isa = PBXNativeTarget;
			buildConfigurationList = 2789EB6C22624229006905B2 /* Build configuration list for PBXNativeTarget "rubyMakerTests" */;
			buildPhases = (
				D74FE17AA593CB1A681C8A04 /* [CP] Check Pods Manifest.lock */,
				2789EB5122624229006905B2 /* Sources */,
				2789EB5222624229006905B2 /* Frameworks */,
				2789EB5322624229006905B2 /* Resources */,
			);
			buildRules = (
			);
			dependencies = (
				2789EB5722624229006905B2 /* PBXTargetDependency */,
			);
			name = rubyMakerTests;
			productName = rubyMakerTests;
			productReference = 2789EB5522624229006905B2 /* rubyMakerTests.xctest */;
			productType = "com.apple.product-type.bundle.unit-test";
		};
		2789EB5F22624229006905B2 /* rubyMakerUITests */ = {
			isa = PBXNativeTarget;
			buildConfigurationList = 2789EB6F22624229006905B2 /* Build configuration list for PBXNativeTarget "rubyMakerUITests" */;
			buildPhases = (
				772C4F29517DC14DFBF9BF77 /* [CP] Check Pods Manifest.lock */,
				2789EB5C22624229006905B2 /* Sources */,
				2789EB5D22624229006905B2 /* Frameworks */,
				2789EB5E22624229006905B2 /* Resources */,
			);
			buildRules = (
			);
			dependencies = (
				2789EB6222624229006905B2 /* PBXTargetDependency */,
			);
			name = rubyMakerUITests;
			productName = rubyMakerUITests;
			productReference = 2789EB6022624229006905B2 /* rubyMakerUITests.xctest */;
			productType = "com.apple.product-type.bundle.ui-testing";
		};
/* End PBXNativeTarget section */

/* Begin PBXProject section */
		2789EB3722624228006905B2 /* Project object */ = {
			isa = PBXProject;
			attributes = {
				LastSwiftUpdateCheck = 1010;
				LastUpgradeCheck = 1010;
				ORGANIZATIONNAME = "ri-matsuoka";
				TargetAttributes = {
					2789EB3E22624228006905B2 = {
						CreatedOnToolsVersion = 10.1;
					};
					2789EB5422624229006905B2 = {
						CreatedOnToolsVersion = 10.1;
						TestTargetID = 2789EB3E22624228006905B2;
					};
					2789EB5F22624229006905B2 = {
						CreatedOnToolsVersion = 10.1;
						TestTargetID = 2789EB3E22624228006905B2;
					};
				};
			};
			buildConfigurationList = 2789EB3A22624228006905B2 /* Build configuration list for PBXProject "rubyMaker" */;
			compatibilityVersion = "Xcode 9.3";
			developmentRegion = en;
			hasScannedForEncodings = 0;
			knownRegions = (
				en,
				Base,
			);
			mainGroup = 2789EB3622624228006905B2;
			productRefGroup = 2789EB4022624228006905B2 /* Products */;
			projectDirPath = "";
			projectRoot = "";
			targets = (
				2789EB3E22624228006905B2 /* rubyMaker */,
				2789EB5422624229006905B2 /* rubyMakerTests */,
				2789EB5F22624229006905B2 /* rubyMakerUITests */,
			);
		};
/* End PBXProject section */

/* Begin PBXResourcesBuildPhase section */
		2789EB3D22624228006905B2 /* Resources */ = {
			isa = PBXResourcesBuildPhase;
			buildActionMask = 2147483647;
			files = (
				270D62D12263506E00071F33 /* Settings.bundle in Resources */,
				2789EB4F22624229006905B2 /* LaunchScreen.storyboard in Resources */,
				2789EB4C22624229006905B2 /* Assets.xcassets in Resources */,
				2789EB4A22624228006905B2 /* Main.storyboard in Resources */,
			);
			runOnlyForDeploymentPostprocessing = 0;
		};
		2789EB5322624229006905B2 /* Resources */ = {
			isa = PBXResourcesBuildPhase;
			buildActionMask = 2147483647;
			files = (
			);
			runOnlyForDeploymentPostprocessing = 0;
		};
		2789EB5E22624229006905B2 /* Resources */ = {
			isa = PBXResourcesBuildPhase;
			buildActionMask = 2147483647;
			files = (
			);
			runOnlyForDeploymentPostprocessing = 0;
		};
/* End PBXResourcesBuildPhase section */

/* Begin PBXShellScriptBuildPhase section */
		270D62C52263477200071F33 /* LicensePlist */ = {
			isa = PBXShellScriptBuildPhase;
			buildActionMask = 2147483647;
			files = (
			);
			inputFileListPaths = (
			);
			inputPaths = (
			);
			name = LicensePlist;
			outputFileListPaths = (
			);
			outputPaths = (
			);
			runOnlyForDeploymentPostprocessing = 0;
			shellPath = /bin/sh;
			shellScript = "if [ $CONFIGURATION = \"Debug\" ]; then\ncd $SRCROOT\n./Pods/LicensePlist/license-plist --output-path $PRODUCT_NAME/resource/Settings.bundle\nfi\n";
		};
		6F50E94EE4F368F539BE7AB1 /* [CP] Check Pods Manifest.lock */ = {
			isa = PBXShellScriptBuildPhase;
			buildActionMask = 2147483647;
			files = (
			);
			inputFileListPaths = (
			);
			inputPaths = (
				"${PODS_PODFILE_DIR_PATH}/Podfile.lock",
				"${PODS_ROOT}/Manifest.lock",
			);
			name = "[CP] Check Pods Manifest.lock";
			outputFileListPaths = (
			);
			outputPaths = (
				"$(DERIVED_FILE_DIR)/Pods-rubyMaker-checkManifestLockResult.txt",
			);
			runOnlyForDeploymentPostprocessing = 0;
			shellPath = /bin/sh;
			shellScript = "diff \"${PODS_PODFILE_DIR_PATH}/Podfile.lock\" \"${PODS_ROOT}/Manifest.lock\" > /dev/null\nif [ $? != 0 ] ; then\n    # print error to STDERR\n    echo \"error: The sandbox is not in sync with the Podfile.lock. Run 'pod install' or update your CocoaPods installation.\" >&2\n    exit 1\nfi\n# This output is used by Xcode 'outputs' to avoid re-running this script phase.\necho \"SUCCESS\" > \"${SCRIPT_OUTPUT_FILE_0}\"\n";
			showEnvVarsInLog = 0;
		};
		7401EADFB3E1007AC84F423E /* [CP] Embed Pods Frameworks */ = {
			isa = PBXShellScriptBuildPhase;
			buildActionMask = 2147483647;
			files = (
			);
			inputFileListPaths = (
			);
			inputPaths = (
				"${SRCROOT}/Pods/Target Support Files/Pods-rubyMaker/Pods-rubyMaker-frameworks.sh",
				"${BUILT_PRODUCTS_DIR}/Alamofire/Alamofire.framework",
				"${BUILT_PRODUCTS_DIR}/Realm/Realm.framework",
				"${BUILT_PRODUCTS_DIR}/RealmSwift/RealmSwift.framework",
				"${BUILT_PRODUCTS_DIR}/SWXMLHash/SWXMLHash.framework",
			);
			name = "[CP] Embed Pods Frameworks";
			outputFileListPaths = (
			);
			outputPaths = (
				"${TARGET_BUILD_DIR}/${FRAMEWORKS_FOLDER_PATH}/Alamofire.framework",
				"${TARGET_BUILD_DIR}/${FRAMEWORKS_FOLDER_PATH}/Realm.framework",
				"${TARGET_BUILD_DIR}/${FRAMEWORKS_FOLDER_PATH}/RealmSwift.framework",
				"${TARGET_BUILD_DIR}/${FRAMEWORKS_FOLDER_PATH}/SWXMLHash.framework",
			);
			runOnlyForDeploymentPostprocessing = 0;
			shellPath = /bin/sh;
			shellScript = "\"${SRCROOT}/Pods/Target Support Files/Pods-rubyMaker/Pods-rubyMaker-frameworks.sh\"\n";
			showEnvVarsInLog = 0;
		};
		772C4F29517DC14DFBF9BF77 /* [CP] Check Pods Manifest.lock */ = {
			isa = PBXShellScriptBuildPhase;
			buildActionMask = 2147483647;
			files = (
			);
			inputFileListPaths = (
			);
			inputPaths = (
				"${PODS_PODFILE_DIR_PATH}/Podfile.lock",
				"${PODS_ROOT}/Manifest.lock",
			);
			name = "[CP] Check Pods Manifest.lock";
			outputFileListPaths = (
			);
			outputPaths = (
				"$(DERIVED_FILE_DIR)/Pods-rubyMakerUITests-checkManifestLockResult.txt",
			);
			runOnlyForDeploymentPostprocessing = 0;
			shellPath = /bin/sh;
			shellScript = "diff \"${PODS_PODFILE_DIR_PATH}/Podfile.lock\" \"${PODS_ROOT}/Manifest.lock\" > /dev/null\nif [ $? != 0 ] ; then\n    # print error to STDERR\n    echo \"error: The sandbox is not in sync with the Podfile.lock. Run 'pod install' or update your CocoaPods installation.\" >&2\n    exit 1\nfi\n# This output is used by Xcode 'outputs' to avoid re-running this script phase.\necho \"SUCCESS\" > \"${SCRIPT_OUTPUT_FILE_0}\"\n";
			showEnvVarsInLog = 0;
		};
		D74FE17AA593CB1A681C8A04 /* [CP] Check Pods Manifest.lock */ = {
			isa = PBXShellScriptBuildPhase;
			buildActionMask = 2147483647;
			files = (
			);
			inputFileListPaths = (
			);
			inputPaths = (
				"${PODS_PODFILE_DIR_PATH}/Podfile.lock",
				"${PODS_ROOT}/Manifest.lock",
			);
			name = "[CP] Check Pods Manifest.lock";
			outputFileListPaths = (
			);
			outputPaths = (
				"$(DERIVED_FILE_DIR)/Pods-rubyMakerTests-checkManifestLockResult.txt",
			);
			runOnlyForDeploymentPostprocessing = 0;
			shellPath = /bin/sh;
			shellScript = "diff \"${PODS_PODFILE_DIR_PATH}/Podfile.lock\" \"${PODS_ROOT}/Manifest.lock\" > /dev/null\nif [ $? != 0 ] ; then\n    # print error to STDERR\n    echo \"error: The sandbox is not in sync with the Podfile.lock. Run 'pod install' or update your CocoaPods installation.\" >&2\n    exit 1\nfi\n# This output is used by Xcode 'outputs' to avoid re-running this script phase.\necho \"SUCCESS\" > \"${SCRIPT_OUTPUT_FILE_0}\"\n";
			showEnvVarsInLog = 0;
		};
/* End PBXShellScriptBuildPhase section */

/* Begin PBXSourcesBuildPhase section */
		2789EB3B22624228006905B2 /* Sources */ = {
			isa = PBXSourcesBuildPhase;
			buildActionMask = 2147483647;
			files = (
				270D62BC226254FF00071F33 /* RealmAccessor.swift in Sources */,
				2789EB4722624228006905B2 /* SecondViewController.swift in Sources */,
				2789EB4322624228006905B2 /* AppDelegate.swift in Sources */,
				270D62BF22631ECF00071F33 /* ServerApi.swift in Sources */,
				270D62C122632F8800071F33 /* ApiRequestEntity.swift in Sources */,
				270D62B22262511900071F33 /* ConvertLogEntity.swift in Sources */,
				2789EB4522624228006905B2 /* FirstViewController.swift in Sources */,
				270D62B82262517800071F33 /* ConvertToFuriganaModel.swift in Sources */,
				270D62B42262512600071F33 /* FuriganaApiRequestEntity.swift in Sources */,
				270D62B62262513500071F33 /* FuriganaApiResponseEntity.swift in Sources */,
				270D62BA2262526400071F33 /* ConvertLogModel.swift in Sources */,
				270D62B02262510200071F33 /* ConvertLogAccessor.swift in Sources */,
				270D62AE226250EB00071F33 /* FuriganaApi.swift in Sources */,
			);
			runOnlyForDeploymentPostprocessing = 0;
		};
		2789EB5122624229006905B2 /* Sources */ = {
			isa = PBXSourcesBuildPhase;
			buildActionMask = 2147483647;
			files = (
				2789EB5A22624229006905B2 /* rubyMakerTests.swift in Sources */,
			);
			runOnlyForDeploymentPostprocessing = 0;
		};
		2789EB5C22624229006905B2 /* Sources */ = {
			isa = PBXSourcesBuildPhase;
			buildActionMask = 2147483647;
			files = (
				2789EB6522624229006905B2 /* rubyMakerUITests.swift in Sources */,
			);
			runOnlyForDeploymentPostprocessing = 0;
		};
/* End PBXSourcesBuildPhase section */

/* Begin PBXTargetDependency section */
		2789EB5722624229006905B2 /* PBXTargetDependency */ = {
			isa = PBXTargetDependency;
			target = 2789EB3E22624228006905B2 /* rubyMaker */;
			targetProxy = 2789EB5622624229006905B2 /* PBXContainerItemProxy */;
		};
		2789EB6222624229006905B2 /* PBXTargetDependency */ = {
			isa = PBXTargetDependency;
			target = 2789EB3E22624228006905B2 /* rubyMaker */;
			targetProxy = 2789EB6122624229006905B2 /* PBXContainerItemProxy */;
		};
/* End PBXTargetDependency section */

/* Begin PBXVariantGroup section */
		2789EB4822624228006905B2 /* Main.storyboard */ = {
			isa = PBXVariantGroup;
			children = (
				2789EB4922624228006905B2 /* Base */,
			);
			name = Main.storyboard;
			sourceTree = "<group>";
		};
		2789EB4D22624229006905B2 /* LaunchScreen.storyboard */ = {
			isa = PBXVariantGroup;
			children = (
				2789EB4E22624229006905B2 /* Base */,
			);
			name = LaunchScreen.storyboard;
			sourceTree = "<group>";
		};
/* End PBXVariantGroup section */

/* Begin XCBuildConfiguration section */
		2789EB6722624229006905B2 /* Debug */ = {
			isa = XCBuildConfiguration;
			buildSettings = {
				ALWAYS_SEARCH_USER_PATHS = NO;
				CLANG_ANALYZER_NONNULL = YES;
				CLANG_ANALYZER_NUMBER_OBJECT_CONVERSION = YES_AGGRESSIVE;
				CLANG_CXX_LANGUAGE_STANDARD = "gnu++14";
				CLANG_CXX_LIBRARY = "libc++";
				CLANG_ENABLE_MODULES = YES;
				CLANG_ENABLE_OBJC_ARC = YES;
				CLANG_ENABLE_OBJC_WEAK = YES;
				CLANG_WARN_BLOCK_CAPTURE_AUTORELEASING = YES;
				CLANG_WARN_BOOL_CONVERSION = YES;
				CLANG_WARN_COMMA = YES;
				CLANG_WARN_CONSTANT_CONVERSION = YES;
				CLANG_WARN_DEPRECATED_OBJC_IMPLEMENTATIONS = YES;
				CLANG_WARN_DIRECT_OBJC_ISA_USAGE = YES_ERROR;
				CLANG_WARN_DOCUMENTATION_COMMENTS = YES;
				CLANG_WARN_EMPTY_BODY = YES;
				CLANG_WARN_ENUM_CONVERSION = YES;
				CLANG_WARN_INFINITE_RECURSION = YES;
				CLANG_WARN_INT_CONVERSION = YES;
				CLANG_WARN_NON_LITERAL_NULL_CONVERSION = YES;
				CLANG_WARN_OBJC_IMPLICIT_RETAIN_SELF = YES;
				CLANG_WARN_OBJC_LITERAL_CONVERSION = YES;
				CLANG_WARN_OBJC_ROOT_CLASS = YES_ERROR;
				CLANG_WARN_RANGE_LOOP_ANALYSIS = YES;
				CLANG_WARN_STRICT_PROTOTYPES = YES;
				CLANG_WARN_SUSPICIOUS_MOVE = YES;
				CLANG_WARN_UNGUARDED_AVAILABILITY = YES_AGGRESSIVE;
				CLANG_WARN_UNREACHABLE_CODE = YES;
				CLANG_WARN__DUPLICATE_METHOD_MATCH = YES;
				CODE_SIGN_IDENTITY = "iPhone Developer";
				COPY_PHASE_STRIP = NO;
				DEBUG_INFORMATION_FORMAT = dwarf;
				ENABLE_STRICT_OBJC_MSGSEND = YES;
				ENABLE_TESTABILITY = YES;
				GCC_C_LANGUAGE_STANDARD = gnu11;
				GCC_DYNAMIC_NO_PIC = NO;
				GCC_NO_COMMON_BLOCKS = YES;
				GCC_OPTIMIZATION_LEVEL = 0;
				GCC_PREPROCESSOR_DEFINITIONS = (
					"DEBUG=1",
					"$(inherited)",
				);
				GCC_WARN_64_TO_32_BIT_CONVERSION = YES;
				GCC_WARN_ABOUT_RETURN_TYPE = YES_ERROR;
				GCC_WARN_UNDECLARED_SELECTOR = YES;
				GCC_WARN_UNINITIALIZED_AUTOS = YES_AGGRESSIVE;
				GCC_WARN_UNUSED_FUNCTION = YES;
				GCC_WARN_UNUSED_VARIABLE = YES;
				IPHONEOS_DEPLOYMENT_TARGET = 12.1;
				MTL_ENABLE_DEBUG_INFO = INCLUDE_SOURCE;
				MTL_FAST_MATH = YES;
				ONLY_ACTIVE_ARCH = YES;
				SDKROOT = iphoneos;
				SWIFT_ACTIVE_COMPILATION_CONDITIONS = DEBUG;
				SWIFT_OPTIMIZATION_LEVEL = "-Onone";
			};
			name = Debug;
		};
		2789EB6822624229006905B2 /* Release */ = {
			isa = XCBuildConfiguration;
			buildSettings = {
				ALWAYS_SEARCH_USER_PATHS = NO;
				CLANG_ANALYZER_NONNULL = YES;
				CLANG_ANALYZER_NUMBER_OBJECT_CONVERSION = YES_AGGRESSIVE;
				CLANG_CXX_LANGUAGE_STANDARD = "gnu++14";
				CLANG_CXX_LIBRARY = "libc++";
				CLANG_ENABLE_MODULES = YES;
				CLANG_ENABLE_OBJC_ARC = YES;
				CLANG_ENABLE_OBJC_WEAK = YES;
				CLANG_WARN_BLOCK_CAPTURE_AUTORELEASING = YES;
				CLANG_WARN_BOOL_CONVERSION = YES;
				CLANG_WARN_COMMA = YES;
				CLANG_WARN_CONSTANT_CONVERSION = YES;
				CLANG_WARN_DEPRECATED_OBJC_IMPLEMENTATIONS = YES;
				CLANG_WARN_DIRECT_OBJC_ISA_USAGE = YES_ERROR;
				CLANG_WARN_DOCUMENTATION_COMMENTS = YES;
				CLANG_WARN_EMPTY_BODY = YES;
				CLANG_WARN_ENUM_CONVERSION = YES;
				CLANG_WARN_INFINITE_RECURSION = YES;
				CLANG_WARN_INT_CONVERSION = YES;
				CLANG_WARN_NON_LITERAL_NULL_CONVERSION = YES;
				CLANG_WARN_OBJC_IMPLICIT_RETAIN_SELF = YES;
				CLANG_WARN_OBJC_LITERAL_CONVERSION = YES;
				CLANG_WARN_OBJC_ROOT_CLASS = YES_ERROR;
				CLANG_WARN_RANGE_LOOP_ANALYSIS = YES;
				CLANG_WARN_STRICT_PROTOTYPES = YES;
				CLANG_WARN_SUSPICIOUS_MOVE = YES;
				CLANG_WARN_UNGUARDED_AVAILABILITY = YES_AGGRESSIVE;
				CLANG_WARN_UNREACHABLE_CODE = YES;
				CLANG_WARN__DUPLICATE_METHOD_MATCH = YES;
				CODE_SIGN_IDENTITY = "iPhone Developer";
				COPY_PHASE_STRIP = NO;
				DEBUG_INFORMATION_FORMAT = "dwarf-with-dsym";
				ENABLE_NS_ASSERTIONS = NO;
				ENABLE_STRICT_OBJC_MSGSEND = YES;
				GCC_C_LANGUAGE_STANDARD = gnu11;
				GCC_NO_COMMON_BLOCKS = YES;
				GCC_WARN_64_TO_32_BIT_CONVERSION = YES;
				GCC_WARN_ABOUT_RETURN_TYPE = YES_ERROR;
				GCC_WARN_UNDECLARED_SELECTOR = YES;
				GCC_WARN_UNINITIALIZED_AUTOS = YES_AGGRESSIVE;
				GCC_WARN_UNUSED_FUNCTION = YES;
				GCC_WARN_UNUSED_VARIABLE = YES;
				IPHONEOS_DEPLOYMENT_TARGET = 12.1;
				MTL_ENABLE_DEBUG_INFO = NO;
				MTL_FAST_MATH = YES;
				SDKROOT = iphoneos;
				SWIFT_COMPILATION_MODE = wholemodule;
				SWIFT_OPTIMIZATION_LEVEL = "-O";
				VALIDATE_PRODUCT = YES;
			};
			name = Release;
		};
		2789EB6A22624229006905B2 /* Debug */ = {
			isa = XCBuildConfiguration;
			baseConfigurationReference = 7F83FBD358AC74BA28E4F5F6 /* Pods-rubyMaker.debug.xcconfig */;
			buildSettings = {
				ASSETCATALOG_COMPILER_APPICON_NAME = AppIcon;
				CODE_SIGN_STYLE = Automatic;
				INFOPLIST_FILE = "$(SRCROOT)/rubyMaker/resource/Info.plist";
				IPHONEOS_DEPLOYMENT_TARGET = 12.0;
				LD_RUNPATH_SEARCH_PATHS = (
					"$(inherited)",
					"@executable_path/Frameworks",
				);
				PRODUCT_BUNDLE_IDENTIFIER = jp.rithitenLab.rubyMaker;
				PRODUCT_NAME = "$(TARGET_NAME)";
				SWIFT_VERSION = 4.2;
				TARGETED_DEVICE_FAMILY = "1,2";
			};
			name = Debug;
		};
		2789EB6B22624229006905B2 /* Release */ = {
			isa = XCBuildConfiguration;
			baseConfigurationReference = 26F3FF2F81C2D2FA14F1466A /* Pods-rubyMaker.release.xcconfig */;
			buildSettings = {
				ASSETCATALOG_COMPILER_APPICON_NAME = AppIcon;
				CODE_SIGN_STYLE = Automatic;
				INFOPLIST_FILE = "$(SRCROOT)/rubyMaker/resource/Info.plist";
				IPHONEOS_DEPLOYMENT_TARGET = 12.0;
				LD_RUNPATH_SEARCH_PATHS = (
					"$(inherited)",
					"@executable_path/Frameworks",
				);
				PRODUCT_BUNDLE_IDENTIFIER = jp.rithitenLab.rubyMaker;
				PRODUCT_NAME = "$(TARGET_NAME)";
				SWIFT_VERSION = 4.2;
				TARGETED_DEVICE_FAMILY = "1,2";
			};
			name = Release;
		};
		2789EB6D22624229006905B2 /* Debug */ = {
			isa = XCBuildConfiguration;
			baseConfigurationReference = 090B37296BABC5AA28E1344A /* Pods-rubyMakerTests.debug.xcconfig */;
			buildSettings = {
				ALWAYS_EMBED_SWIFT_STANDARD_LIBRARIES = YES;
				BUNDLE_LOADER = "$(TEST_HOST)";
				CODE_SIGN_STYLE = Automatic;
				INFOPLIST_FILE = rubyMakerTests/Info.plist;
				LD_RUNPATH_SEARCH_PATHS = (
					"$(inherited)",
					"@executable_path/Frameworks",
					"@loader_path/Frameworks",
				);
				PRODUCT_BUNDLE_IDENTIFIER = jp.rithitenLab.rubyMakerTests;
				PRODUCT_NAME = "$(TARGET_NAME)";
				SWIFT_VERSION = 4.2;
				TARGETED_DEVICE_FAMILY = "1,2";
				TEST_HOST = "$(BUILT_PRODUCTS_DIR)/rubyMaker.app/rubyMaker";
			};
			name = Debug;
		};
		2789EB6E22624229006905B2 /* Release */ = {
			isa = XCBuildConfiguration;
			baseConfigurationReference = B441F91A63912C3279709896 /* Pods-rubyMakerTests.release.xcconfig */;
			buildSettings = {
				ALWAYS_EMBED_SWIFT_STANDARD_LIBRARIES = YES;
				BUNDLE_LOADER = "$(TEST_HOST)";
				CODE_SIGN_STYLE = Automatic;
				INFOPLIST_FILE = rubyMakerTests/Info.plist;
				LD_RUNPATH_SEARCH_PATHS = (
					"$(inherited)",
					"@executable_path/Frameworks",
					"@loader_path/Frameworks",
				);
				PRODUCT_BUNDLE_IDENTIFIER = jp.rithitenLab.rubyMakerTests;
				PRODUCT_NAME = "$(TARGET_NAME)";
				SWIFT_VERSION = 4.2;
				TARGETED_DEVICE_FAMILY = "1,2";
				TEST_HOST = "$(BUILT_PRODUCTS_DIR)/rubyMaker.app/rubyMaker";
			};
			name = Release;
		};
		2789EB7022624229006905B2 /* Debug */ = {
			isa = XCBuildConfiguration;
			baseConfigurationReference = CEFC69B490C6A07B56230896 /* Pods-rubyMakerUITests.debug.xcconfig */;
			buildSettings = {
				ALWAYS_EMBED_SWIFT_STANDARD_LIBRARIES = YES;
				CODE_SIGN_STYLE = Automatic;
				INFOPLIST_FILE = rubyMakerUITests/Info.plist;
				LD_RUNPATH_SEARCH_PATHS = (
					"$(inherited)",
					"@executable_path/Frameworks",
					"@loader_path/Frameworks",
				);
				PRODUCT_BUNDLE_IDENTIFIER = jp.rithitenLab.rubyMakerUITests;
				PRODUCT_NAME = "$(TARGET_NAME)";
				SWIFT_VERSION = 4.2;
				TARGETED_DEVICE_FAMILY = "1,2";
				TEST_TARGET_NAME = rubyMaker;
			};
			name = Debug;
		};
		2789EB7122624229006905B2 /* Release */ = {
			isa = XCBuildConfiguration;
			baseConfigurationReference = F9ED40292B4534F5A70E35E5 /* Pods-rubyMakerUITests.release.xcconfig */;
			buildSettings = {
				ALWAYS_EMBED_SWIFT_STANDARD_LIBRARIES = YES;
				CODE_SIGN_STYLE = Automatic;
				INFOPLIST_FILE = rubyMakerUITests/Info.plist;
				LD_RUNPATH_SEARCH_PATHS = (
					"$(inherited)",
					"@executable_path/Frameworks",
					"@loader_path/Frameworks",
				);
				PRODUCT_BUNDLE_IDENTIFIER = jp.rithitenLab.rubyMakerUITests;
				PRODUCT_NAME = "$(TARGET_NAME)";
				SWIFT_VERSION = 4.2;
				TARGETED_DEVICE_FAMILY = "1,2";
				TEST_TARGET_NAME = rubyMaker;
			};
			name = Release;
		};
/* End XCBuildConfiguration section */

/* Begin XCConfigurationList section */
		2789EB3A22624228006905B2 /* Build configuration list for PBXProject "rubyMaker" */ = {
			isa = XCConfigurationList;
			buildConfigurations = (
				2789EB6722624229006905B2 /* Debug */,
				2789EB6822624229006905B2 /* Release */,
			);
			defaultConfigurationIsVisible = 0;
			defaultConfigurationName = Release;
		};
		2789EB6922624229006905B2 /* Build configuration list for PBXNativeTarget "rubyMaker" */ = {
			isa = XCConfigurationList;
			buildConfigurations = (
				2789EB6A22624229006905B2 /* Debug */,
				2789EB6B22624229006905B2 /* Release */,
			);
			defaultConfigurationIsVisible = 0;
			defaultConfigurationName = Release;
		};
		2789EB6C22624229006905B2 /* Build configuration list for PBXNativeTarget "rubyMakerTests" */ = {
			isa = XCConfigurationList;
			buildConfigurations = (
				2789EB6D22624229006905B2 /* Debug */,
				2789EB6E22624229006905B2 /* Release */,
			);
			defaultConfigurationIsVisible = 0;
			defaultConfigurationName = Release;
		};
		2789EB6F22624229006905B2 /* Build configuration list for PBXNativeTarget "rubyMakerUITests" */ = {
			isa = XCConfigurationList;
			buildConfigurations = (
				2789EB7022624229006905B2 /* Debug */,
				2789EB7122624229006905B2 /* Release */,
			);
			defaultConfigurationIsVisible = 0;
			defaultConfigurationName = Release;
		};
/* End XCConfigurationList section */
	};
	rootObject = 2789EB3722624228006905B2 /* Project object */;
}
